
Microsoft Visual Studio Solution File, Format Version 12.00
# Visual Studio Version 16
VisualStudioVersion = 16.0.30611.23
MinimumVisualStudioVersion = 10.0.40219.1
Project("{FAE04EC0-301F-11D3-BF4B-00C04F79EFBC}") = "dotNet5781_00_ 6382_0555", "dotNet5781_00_ 6382_0555\dotNet5781_00_ 6382_0555.csproj", "{70EF0663-E52C-49DE-ADCC-846C57669E69}"
EndProject
Project("{9A19103F-16F7-4668-BE54-9A1E7A4F7556}") = "dotNet5781_01_ 6382_0555", "dotNet5781_01_ 6382_0555\dotNet5781_01_ 6382_0555.csproj", "{36039D4A-5A61-46AC-ACE9-E710959ED9E2}"
EndProject
Project("{9A19103F-16F7-4668-BE54-9A1E7A4F7556}") = "dotNet5781_02_ 6382_0555", "dotNet5781_02_ 6382_0555\dotNet5781_02_ 6382_0555.csproj", "{9A827558-6069-4072-A4BC-59C84AFD8C56}"
EndProject
Project("{9A19103F-16F7-4668-BE54-9A1E7A4F7556}") = "dotNet5781_03A_6382_0555", "dotNet5781_03A_6382_0555\dotNet5781_03A_6382_0555.csproj", "{85D09B98-8103-46CF-B6C7-30935F5C78CA}"
EndProject
Project("{FAE04EC0-301F-11D3-BF4B-00C04F79EFBC}") = "dotNet5781_03B_6382_0555", "dotNet5781_03B_6382_0555\dotNet5781_03B_6382_0555.csproj", "{8EF83CFB-C185-4294-A55A-80E455164D2D}"
EndProject
Project("{FAE04EC0-301F-11D3-BF4B-00C04F79EFBC}") = "ToolsForPublish", "ToolsForPublish\ToolsForPublish.csproj", "{F5372B56-F804-4D0C-9EE1-D17074B5FDC2}"
EndProject
Project("{FAE04EC0-301F-11D3-BF4B-00C04F79EFBC}") = "DALAPI", "DALAPI\DALAPI.csproj", "{A836C80B-AF5B-482E-A33F-C376ED899B3D}"
EndProject
Project("{FAE04EC0-301F-11D3-BF4B-00C04F79EFBC}") = "DS", "DS\DS.csproj", "{FA98DC58-A569-4E3B-B5B8-1C411646A3D3}"
EndProject
Project("{FAE04EC0-301F-11D3-BF4B-00C04F79EFBC}") = "BL", "BL\BL.csproj", "{5FFF4A42-EFCC-4582-A624-529741634BE3}"
EndProject
Project("{FAE04EC0-301F-11D3-BF4B-00C04F79EFBC}") = "DALXML", "DALXML\DALXML.csproj", "{FBDEED76-B4DF-40DA-AE90-328094D88E07}"
EndProject
Project("{FAE04EC0-301F-11D3-BF4B-00C04F79EFBC}") = "DALObject", "DALObject\DALObject.csproj", "{D014BF64-7836-4BC2-918B-0CDE371F6CFA}"
EndProject
Project("{FAE04EC0-301F-11D3-BF4B-00C04F79EFBC}") = "PL", "PL\PL.csproj", "{930FF2B5-5B6C-48FD-B805-FC4C489A41E1}"
EndProject
Global
	GlobalSection(SolutionConfigurationPlatforms) = preSolution
		Debug|Any CPU = Debug|Any CPU
		Release|Any CPU = Release|Any CPU
	EndGlobalSection
	GlobalSection(ProjectConfigurationPlatforms) = postSolution
		{70EF0663-E52C-49DE-ADCC-846C57669E69}.Debug|Any CPU.ActiveCfg = Debug|Any CPU
		{70EF0663-E52C-49DE-ADCC-846C57669E69}.Debug|Any CPU.Build.0 = Debug|Any CPU
		{70EF0663-E52C-49DE-ADCC-846C57669E69}.Release|Any CPU.ActiveCfg = Release|Any CPU
		{70EF0663-E52C-49DE-ADCC-846C57669E69}.Release|Any CPU.Build.0 = Release|Any CPU
		{36039D4A-5A61-46AC-ACE9-E710959ED9E2}.Debug|Any CPU.ActiveCfg = Debug|Any CPU
		{36039D4A-5A61-46AC-ACE9-E710959ED9E2}.Debug|Any CPU.Build.0 = Debug|Any CPU
		{36039D4A-5A61-46AC-ACE9-E710959ED9E2}.Release|Any CPU.ActiveCfg = Release|Any CPU
		{36039D4A-5A61-46AC-ACE9-E710959ED9E2}.Release|Any CPU.Build.0 = Release|Any CPU
		{9A827558-6069-4072-A4BC-59C84AFD8C56}.Debug|Any CPU.ActiveCfg = Debug|Any CPU
		{9A827558-6069-4072-A4BC-59C84AFD8C56}.Debug|Any CPU.Build.0 = Debug|Any CPU
		{9A827558-6069-4072-A4BC-59C84AFD8C56}.Release|Any CPU.ActiveCfg = Release|Any CPU
		{9A827558-6069-4072-A4BC-59C84AFD8C56}.Release|Any CPU.Build.0 = Release|Any CPU
		{85D09B98-8103-46CF-B6C7-30935F5C78CA}.Debug|Any CPU.ActiveCfg = Debug|Any CPU
		{85D09B98-8103-46CF-B6C7-30935F5C78CA}.Debug|Any CPU.Build.0 = Debug|Any CPU
		{85D09B98-8103-46CF-B6C7-30935F5C78CA}.Release|Any CPU.ActiveCfg = Release|Any CPU
		{85D09B98-8103-46CF-B6C7-30935F5C78CA}.Release|Any CPU.Build.0 = Release|Any CPU
		{8EF83CFB-C185-4294-A55A-80E455164D2D}.Debug|Any CPU.ActiveCfg = Debug|Any CPU
		{8EF83CFB-C185-4294-A55A-80E455164D2D}.Debug|Any CPU.Build.0 = Debug|Any CPU
		{8EF83CFB-C185-4294-A55A-80E455164D2D}.Release|Any CPU.ActiveCfg = Release|Any CPU
		{8EF83CFB-C185-4294-A55A-80E455164D2D}.Release|Any CPU.Build.0 = Release|Any CPU
		{F5372B56-F804-4D0C-9EE1-D17074B5FDC2}.Debug|Any CPU.ActiveCfg = Debug|Any CPU
		{F5372B56-F804-4D0C-9EE1-D17074B5FDC2}.Debug|Any CPU.Build.0 = Debug|Any CPU
		{F5372B56-F804-4D0C-9EE1-D17074B5FDC2}.Release|Any CPU.ActiveCfg = Release|Any CPU
		{F5372B56-F804-4D0C-9EE1-D17074B5FDC2}.Release|Any CPU.Build.0 = Release|Any CPU
		{A836C80B-AF5B-482E-A33F-C376ED899B3D}.Debug|Any CPU.ActiveCfg = Debug|Any CPU
		{A836C80B-AF5B-482E-A33F-C376ED899B3D}.Debug|Any CPU.Build.0 = Debug|Any CPU
		{A836C80B-AF5B-482E-A33F-C376ED899B3D}.Release|Any CPU.ActiveCfg = Release|Any CPU
		{A836C80B-AF5B-482E-A33F-C376ED899B3D}.Release|Any CPU.Build.0 = Release|Any CPU
		{FA98DC58-A569-4E3B-B5B8-1C411646A3D3}.Debug|Any CPU.ActiveCfg = Debug|Any CPU
		{FA98DC58-A569-4E3B-B5B8-1C411646A3D3}.Debug|Any CPU.Build.0 = Debug|Any CPU
		{FA98DC58-A569-4E3B-B5B8-1C411646A3D3}.Release|Any CPU.ActiveCfg = Release|Any CPU
		{FA98DC58-A569-4E3B-B5B8-1C411646A3D3}.Release|Any CPU.Build.0 = Release|Any CPU
		{5FFF4A42-EFCC-4582-A624-529741634BE3}.Debug|Any CPU.ActiveCfg = Debug|Any CPU
		{5FFF4A42-EFCC-4582-A624-529741634BE3}.Debug|Any CPU.Build.0 = Debug|Any CPU
		{5FFF4A42-EFCC-4582-A624-529741634BE3}.Release|Any CPU.ActiveCfg = Release|Any CPU
		{5FFF4A42-EFCC-4582-A624-529741634BE3}.Release|Any CPU.Build.0 = Release|Any CPU
		{FBDEED76-B4DF-40DA-AE90-328094D88E07}.Debug|Any CPU.ActiveCfg = Debug|Any CPU
		{FBDEED76-B4DF-40DA-AE90-328094D88E07}.Debug|Any CPU.Build.0 = Debug|Any CPU
		{FBDEED76-B4DF-40DA-AE90-328094D88E07}.Release|Any CPU.ActiveCfg = Release|Any CPU
		{FBDEED76-B4DF-40DA-AE90-328094D88E07}.Release|Any CPU.Build.0 = Release|Any CPU
		{D014BF64-7836-4BC2-918B-0CDE371F6CFA}.Debug|Any CPU.ActiveCfg = Debug|Any CPU
		{D014BF64-7836-4BC2-918B-0CDE371F6CFA}.Debug|Any CPU.Build.0 = Debug|Any CPU
		{D014BF64-7836-4BC2-918B-0CDE371F6CFA}.Release|Any CPU.ActiveCfg = Release|Any CPU
		{D014BF64-7836-4BC2-918B-0CDE371F6CFA}.Release|Any CPU.Build.0 = Release|Any CPU
		{930FF2B5-5B6C-48FD-B805-FC4C489A41E1}.Debug|Any CPU.ActiveCfg = Debug|Any CPU
		{930FF2B5-5B6C-48FD-B805-FC4C489A41E1}.Debug|Any CPU.Build.0 = Debug|Any CPU
		{930FF2B5-5B6C-48FD-B805-FC4C489A41E1}.Release|Any CPU.ActiveCfg = Release|Any CPU
		{930FF2B5-5B6C-48FD-B805-FC4C489A41E1}.Release|Any CPU.Build.0 = Release|Any CPU
	EndGlobalSection
	GlobalSection(SolutionProperties) = preSolution
		HideSolutionNode = FALSE
	EndGlobalSection
	GlobalSection(ExtensibilityGlobals) = postSolution
		SolutionGuid = {676783A2-0E6C-49EC-AB92-3C4DB9E8196B}
	EndGlobalSection
EndGlobal
